// !$*UTF8*$!
{
	archiveVersion = 1;
	classes = {
	};
	objectVersion = 48;
	objects = {

/* Begin PBXBuildFile section */
		6345493C1FCE8FA00008B205 /* AppDelegate.swift in Sources */ = {isa = PBXBuildFile; fileRef = 6345493B1FCE8FA00008B205 /* AppDelegate.swift */; };
		6345493E1FCE8FA00008B205 /* ViewController.swift in Sources */ = {isa = PBXBuildFile; fileRef = 6345493D1FCE8FA00008B205 /* ViewController.swift */; };
		634549411FCE8FA00008B205 /* Main.storyboard in Resources */ = {isa = PBXBuildFile; fileRef = 6345493F1FCE8FA00008B205 /* Main.storyboard */; };
		634549431FCE8FA00008B205 /* Assets.xcassets in Resources */ = {isa = PBXBuildFile; fileRef = 634549421FCE8FA00008B205 /* Assets.xcassets */; };
		634549461FCE8FA00008B205 /* LaunchScreen.storyboard in Resources */ = {isa = PBXBuildFile; fileRef = 634549441FCE8FA00008B205 /* LaunchScreen.storyboard */; };
		634549511FCE8FA00008B205 /* MarqueeLabelTests.swift in Sources */ = {isa = PBXBuildFile; fileRef = 634549501FCE8FA00008B205 /* MarqueeLabelTests.swift */; };
		6345495C1FCE8FA00008B205 /* MarqueeLabelUITests.swift in Sources */ = {isa = PBXBuildFile; fileRef = 6345495B1FCE8FA00008B205 /* MarqueeLabelUITests.swift */; };
		6345496B1FCE90440008B205 /* YXMarqueeLabel.swift in Sources */ = {isa = PBXBuildFile; fileRef = 6345496A1FCE90440008B205 /* YXMarqueeLabel.swift */; };
/* End PBXBuildFile section */

/* Begin PBXContainerItemProxy section */
		6345494D1FCE8FA00008B205 /* PBXContainerItemProxy */ = {
			isa = PBXContainerItemProxy;
			containerPortal = 634549301FCE8FA00008B205 /* Project object */;
			proxyType = 1;
			remoteGlobalIDString = 634549371FCE8FA00008B205;
			remoteInfo = MarqueeLabel;
		};
		634549581FCE8FA00008B205 /* PBXContainerItemProxy */ = {
			isa = PBXContainerItemProxy;
			containerPortal = 634549301FCE8FA00008B205 /* Project object */;
			proxyType = 1;
			remoteGlobalIDString = 634549371FCE8FA00008B205;
			remoteInfo = MarqueeLabel;
		};
/* End PBXContainerItemProxy section */

/* Begin PBXFileReference section */
		634549381FCE8FA00008B205 /* MarqueeLabel.app */ = {isa = PBXFileReference; explicitFileType = wrapper.application; includeInIndex = 0; path = MarqueeLabel.app; sourceTree = BUILT_PRODUCTS_DIR; };
		6345493B1FCE8FA00008B205 /* AppDelegate.swift */ = {isa = PBXFileReference; lastKnownFileType = sourcecode.swift; path = AppDelegate.swift; sourceTree = "<group>"; };
		6345493D1FCE8FA00008B205 /* ViewController.swift */ = {isa = PBXFileReference; lastKnownFileType = sourcecode.swift; path = ViewController.swift; sourceTree = "<group>"; };
		634549401FCE8FA00008B205 /* Base */ = {isa = PBXFileReference; lastKnownFileType = file.storyboard; name = Base; path = Base.lproj/Main.storyboard; sourceTree = "<group>"; };
		634549421FCE8FA00008B205 /* Assets.xcassets */ = {isa = PBXFileReference; lastKnownFileType = folder.assetcatalog; path = Assets.xcassets; sourceTree = "<group>"; };
		634549451FCE8FA00008B205 /* Base */ = {isa = PBXFileReference; lastKnownFileType = file.storyboard; name = Base; path = Base.lproj/LaunchScreen.storyboard; sourceTree = "<group>"; };
		634549471FCE8FA00008B205 /* Info.plist */ = {isa = PBXFileReference; lastKnownFileType = text.plist.xml; path = Info.plist; sourceTree = "<group>"; };
		6345494C1FCE8FA00008B205 /* MarqueeLabelTests.xctest */ = {isa = PBXFileReference; explicitFileType = wrapper.cfbundle; includeInIndex = 0; path = MarqueeLabelTests.xctest; sourceTree = BUILT_PRODUCTS_DIR; };
		634549501FCE8FA00008B205 /* MarqueeLabelTests.swift */ = {isa = PBXFileReference; lastKnownFileType = sourcecode.swift; path = MarqueeLabelTests.swift; sourceTree = "<group>"; };
		634549521FCE8FA00008B205 /* Info.plist */ = {isa = PBXFileReference; lastKnownFileType = text.plist.xml; path = Info.plist; sourceTree = "<group>"; };
		634549571FCE8FA00008B205 /* MarqueeLabelUITests.xctest */ = {isa = PBXFileReference; explicitFileType = wrapper.cfbundle; includeInIndex = 0; path = MarqueeLabelUITests.xctest; sourceTree = BUILT_PRODUCTS_DIR; };
		6345495B1FCE8FA00008B205 /* MarqueeLabelUITests.swift */ = {isa = PBXFileReference; lastKnownFileType = sourcecode.swift; path = MarqueeLabelUITests.swift; sourceTree = "<group>"; };
		6345495D1FCE8FA00008B205 /* Info.plist */ = {isa = PBXFileReference; lastKnownFileType = text.plist.xml; path = Info.plist; sourceTree = "<group>"; };
		6345496A1FCE90440008B205 /* YXMarqueeLabel.swift */ = {isa = PBXFileReference; lastKnownFileType = sourcecode.swift; path = YXMarqueeLabel.swift; sourceTree = "<group>"; };
/* End PBXFileReference section */

/* Begin PBXFrameworksBuildPhase section */
		634549351FCE8FA00008B205 /* Frameworks */ = {
			isa = PBXFrameworksBuildPhase;
			buildActionMask = 2147483647;
			files = (
			);
			runOnlyForDeploymentPostprocessing = 0;
		};
		634549491FCE8FA00008B205 /* Frameworks */ = {
			isa = PBXFrameworksBuildPhase;
			buildActionMask = 2147483647;
			files = (
			);
			runOnlyForDeploymentPostprocessing = 0;
		};
		634549541FCE8FA00008B205 /* Frameworks */ = {
			isa = PBXFrameworksBuildPhase;
			buildActionMask = 2147483647;
			files = (
			);
			runOnlyForDeploymentPostprocessing = 0;
		};
/* End PBXFrameworksBuildPhase section */

/* Begin PBXGroup section */
		6345492F1FCE8FA00008B205 = {
			isa = PBXGroup;
			children = (
				6345493A1FCE8FA00008B205 /* MarqueeLabel */,
				6345494F1FCE8FA00008B205 /* MarqueeLabelTests */,
				6345495A1FCE8FA00008B205 /* MarqueeLabelUITests */,
				634549391FCE8FA00008B205 /* Products */,
			);
			sourceTree = "<group>";
		};
		634549391FCE8FA00008B205 /* Products */ = {
			isa = PBXGroup;
			children = (
				634549381FCE8FA00008B205 /* MarqueeLabel.app */,
				6345494C1FCE8FA00008B205 /* MarqueeLabelTests.xctest */,
				634549571FCE8FA00008B205 /* MarqueeLabelUITests.xctest */,
			);
			name = Products;
			sourceTree = "<group>";
		};
		6345493A1FCE8FA00008B205 /* MarqueeLabel */ = {
			isa = PBXGroup;
			children = (
				634549691FCE901B0008B205 /* YXMarqueeLabel */,
				6345493B1FCE8FA00008B205 /* AppDelegate.swift */,
				6345493D1FCE8FA00008B205 /* ViewController.swift */,
				6345493F1FCE8FA00008B205 /* Main.storyboard */,
				634549421FCE8FA00008B205 /* Assets.xcassets */,
				634549441FCE8FA00008B205 /* LaunchScreen.storyboard */,
				634549471FCE8FA00008B205 /* Info.plist */,
			);
			path = MarqueeLabel;
			sourceTree = "<group>";
		};
		6345494F1FCE8FA00008B205 /* MarqueeLabelTests */ = {
			isa = PBXGroup;
			children = (
				634549501FCE8FA00008B205 /* MarqueeLabelTests.swift */,
				634549521FCE8FA00008B205 /* Info.plist */,
			);
			path = MarqueeLabelTests;
			sourceTree = "<group>";
		};
		6345495A1FCE8FA00008B205 /* MarqueeLabelUITests */ = {
			isa = PBXGroup;
			children = (
				6345495B1FCE8FA00008B205 /* MarqueeLabelUITests.swift */,
				6345495D1FCE8FA00008B205 /* Info.plist */,
			);
			path = MarqueeLabelUITests;
			sourceTree = "<group>";
		};
		634549691FCE901B0008B205 /* YXMarqueeLabel */ = {
			isa = PBXGroup;
			children = (
				6345496A1FCE90440008B205 /* YXMarqueeLabel.swift */,
			);
			path = YXMarqueeLabel;
			sourceTree = "<group>";
		};
/* End PBXGroup section */

/* Begin PBXNativeTarget section */
		634549371FCE8FA00008B205 /* MarqueeLabel */ = {
			isa = PBXNativeTarget;
			buildConfigurationList = 634549601FCE8FA00008B205 /* Build configuration list for PBXNativeTarget "MarqueeLabel" */;
			buildPhases = (
				634549341FCE8FA00008B205 /* Sources */,
				634549351FCE8FA00008B205 /* Frameworks */,
				634549361FCE8FA00008B205 /* Resources */,
			);
			buildRules = (
			);
			dependencies = (
			);
			name = MarqueeLabel;
			productName = MarqueeLabel;
			productReference = 634549381FCE8FA00008B205 /* MarqueeLabel.app */;
			productType = "com.apple.product-type.application";
		};
		6345494B1FCE8FA00008B205 /* MarqueeLabelTests */ = {
			isa = PBXNativeTarget;
			buildConfigurationList = 634549631FCE8FA00008B205 /* Build configuration list for PBXNativeTarget "MarqueeLabelTests" */;
			buildPhases = (
				634549481FCE8FA00008B205 /* Sources */,
				634549491FCE8FA00008B205 /* Frameworks */,
				6345494A1FCE8FA00008B205 /* Resources */,
			);
			buildRules = (
			);
			dependencies = (
				6345494E1FCE8FA00008B205 /* PBXTargetDependency */,
			);
			name = MarqueeLabelTests;
			productName = MarqueeLabelTests;
			productReference = 6345494C1FCE8FA00008B205 /* MarqueeLabelTests.xctest */;
			productType = "com.apple.product-type.bundle.unit-test";
		};
		634549561FCE8FA00008B205 /* MarqueeLabelUITests */ = {
			isa = PBXNativeTarget;
			buildConfigurationList = 634549661FCE8FA00008B205 /* Build configuration list for PBXNativeTarget "MarqueeLabelUITests" */;
			buildPhases = (
				634549531FCE8FA00008B205 /* Sources */,
				634549541FCE8FA00008B205 /* Frameworks */,
				634549551FCE8FA00008B205 /* Resources */,
			);
			buildRules = (
			);
			dependencies = (
				634549591FCE8FA00008B205 /* PBXTargetDependency */,
			);
			name = MarqueeLabelUITests;
			productName = MarqueeLabelUITests;
			productReference = 634549571FCE8FA00008B205 /* MarqueeLabelUITests.xctest */;
			productType = "com.apple.product-type.bundle.ui-testing";
		};
/* End PBXNativeTarget section */

/* Begin PBXProject section */
		634549301FCE8FA00008B205 /* Project object */ = {
			isa = PBXProject;
			attributes = {
				LastSwiftUpdateCheck = 0910;
				LastUpgradeCheck = 0910;
				ORGANIZATIONNAME = Heikki;
				TargetAttributes = {
					634549371FCE8FA00008B205 = {
						CreatedOnToolsVersion = 9.1;
						ProvisioningStyle = Automatic;
					};
					6345494B1FCE8FA00008B205 = {
						CreatedOnToolsVersion = 9.1;
						ProvisioningStyle = Automatic;
						TestTargetID = 634549371FCE8FA00008B205;
					};
					634549561FCE8FA00008B205 = {
						CreatedOnToolsVersion = 9.1;
						ProvisioningStyle = Automatic;
						TestTargetID = 634549371FCE8FA00008B205;
					};
				};
			};
			buildConfigurationList = 634549331FCE8FA00008B205 /* Build configuration list for PBXProject "MarqueeLabel" */;
			compatibilityVersion = "Xcode 8.0";
			developmentRegion = en;
			hasScannedForEncodings = 0;
			knownRegions = (
				en,
				Base,
			);
			mainGroup = 6345492F1FCE8FA00008B205;
			productRefGroup = 634549391FCE8FA00008B205 /* Products */;
			projectDirPath = "";
			projectRoot = "";
			targets = (
				634549371FCE8FA00008B205 /* MarqueeLabel */,
				6345494B1FCE8FA00008B205 /* MarqueeLabelTests */,
				634549561FCE8FA00008B205 /* MarqueeLabelUITests */,
			);
		};
/* End PBXProject section */

/* Begin PBXResourcesBuildPhase section */
		634549361FCE8FA00008B205 /* Resources */ = {
			isa = PBXResourcesBuildPhase;
			buildActionMask = 2147483647;
			files = (
				634549461FCE8FA00008B205 /* LaunchScreen.storyboard in Resources */,
				634549431FCE8FA00008B205 /* Assets.xcassets in Resources */,
				634549411FCE8FA00008B205 /* Main.storyboard in Resources */,
			);
			runOnlyForDeploymentPostprocessing = 0;
		};
		6345494A1FCE8FA00008B205 /* Resources */ = {
			isa = PBXResourcesBuildPhase;
			buildActionMask = 2147483647;
			files = (
			);
			runOnlyForDeploymentPostprocessing = 0;
		};
		634549551FCE8FA00008B205 /* Resources */ = {
			isa = PBXResourcesBuildPhase;
			buildActionMask = 2147483647;
			files = (
			);
			runOnlyForDeploymentPostprocessing = 0;
		};
/* End PBXResourcesBuildPhase section */

/* Begin PBXSourcesBuildPhase section */
		634549341FCE8FA00008B205 /* Sources */ = {
			isa = PBXSourcesBuildPhase;
			buildActionMask = 2147483647;
			files = (
				6345493E1FCE8FA00008B205 /* ViewController.swift in Sources */,
				6345496B1FCE90440008B205 /* YXMarqueeLabel.swift in Sources */,
				6345493C1FCE8FA00008B205 /* AppDelegate.swift in Sources */,
			);
			runOnlyForDeploymentPostprocessing = 0;
		};
		634549481FCE8FA00008B205 /* Sources */ = {
			isa = PBXSourcesBuildPhase;
			buildActionMask = 2147483647;
			files = (
				634549511FCE8FA00008B205 /* MarqueeLabelTests.swift in Sources */,
			);
			runOnlyForDeploymentPostprocessing = 0;
		};
		634549531FCE8FA00008B205 /* Sources */ = {
			isa = PBXSourcesBuildPhase;
			buildActionMask = 2147483647;
			files = (
				6345495C1FCE8FA00008B205 /* MarqueeLabelUITests.swift in Sources */,
			);
			runOnlyForDeploymentPostprocessing = 0;
		};
/* End PBXSourcesBuildPhase section */

/* Begin PBXTargetDependency section */
		6345494E1FCE8FA00008B205 /* PBXTargetDependency */ = {
			isa = PBXTargetDependency;
			target = 634549371FCE8FA00008B205 /* MarqueeLabel */;
			targetProxy = 6345494D1FCE8FA00008B205 /* PBXContainerItemProxy */;
		};
		634549591FCE8FA00008B205 /* PBXTargetDependency */ = {
			isa = PBXTargetDependency;
			target = 634549371FCE8FA00008B205 /* MarqueeLabel */;
			targetProxy = 634549581FCE8FA00008B205 /* PBXContainerItemProxy */;
		};
/* End PBXTargetDependency section */

/* Begin PBXVariantGroup section */
		6345493F1FCE8FA00008B205 /* Main.storyboard */ = {
			isa = PBXVariantGroup;
			children = (
				634549401FCE8FA00008B205 /* Base */,
			);
			name = Main.storyboard;
			sourceTree = "<group>";
		};
		634549441FCE8FA00008B205 /* LaunchScreen.storyboard */ = {
			isa = PBXVariantGroup;
			children = (
				634549451FCE8FA00008B205 /* Base */,
			);
			name = LaunchScreen.storyboard;
			sourceTree = "<group>";
		};
/* End PBXVariantGroup section */

/* Begin XCBuildConfiguration section */
		6345495E1FCE8FA00008B205 /* Debug */ = {
			isa = XCBuildConfiguration;
			buildSettings = {
				ALWAYS_SEARCH_USER_PATHS = NO;
				CLANG_ANALYZER_NONNULL = YES;
				CLANG_ANALYZER_NUMBER_OBJECT_CONVERSION = YES_AGGRESSIVE;
				CLANG_CXX_LANGUAGE_STANDARD = "gnu++14";
				CLANG_CXX_LIBRARY = "libc++";
				CLANG_ENABLE_MODULES = YES;
				CLANG_ENABLE_OBJC_ARC = YES;
				CLANG_WARN_BLOCK_CAPTURE_AUTORELEASING = YES;
				CLANG_WARN_BOOL_CONVERSION = YES;
				CLANG_WARN_COMMA = YES;
				CLANG_WARN_CONSTANT_CONVERSION = YES;
				CLANG_WARN_DIRECT_OBJC_ISA_USAGE = YES_ERROR;
				CLANG_WARN_DOCUMENTATION_COMMENTS = YES;
				CLANG_WARN_EMPTY_BODY = YES;
				CLANG_WARN_ENUM_CONVERSION = YES;
				CLANG_WARN_INFINITE_RECURSION = YES;
				CLANG_WARN_INT_CONVERSION = YES;
				CLANG_WARN_NON_LITERAL_NULL_CONVERSION = YES;
				CLANG_WARN_OBJC_LITERAL_CONVERSION = YES;
				CLANG_WARN_OBJC_ROOT_CLASS = YES_ERROR;
				CLANG_WARN_RANGE_LOOP_ANALYSIS = YES;
				CLANG_WARN_STRICT_PROTOTYPES = YES;
				CLANG_WARN_SUSPICIOUS_MOVE = YES;
				CLANG_WARN_UNGUARDED_AVAILABILITY = YES_AGGRESSIVE;
				CLANG_WARN_UNREACHABLE_CODE = YES;
				CLANG_WARN__DUPLICATE_METHOD_MATCH = YES;
				CODE_SIGN_IDENTITY = "iPhone Developer";
				COPY_PHASE_STRIP = NO;
				DEBUG_INFORMATION_FORMAT = dwarf;
				ENABLE_STRICT_OBJC_MSGSEND = YES;
				ENABLE_TESTABILITY = YES;
				GCC_C_LANGUAGE_STANDARD = gnu11;
				GCC_DYNAMIC_NO_PIC = NO;
				GCC_NO_COMMON_BLOCKS = YES;
				GCC_OPTIMIZATION_LEVEL = 0;
				GCC_PREPROCESSOR_DEFINITIONS = (
					"DEBUG=1",
					"$(inherited)",
				);
				GCC_WARN_64_TO_32_BIT_CONVERSION = YES;
				GCC_WARN_ABOUT_RETURN_TYPE = YES_ERROR;
				GCC_WARN_UNDECLARED_SELECTOR = YES;
				GCC_WARN_UNINITIALIZED_AUTOS = YES_AGGRESSIVE;
				GCC_WARN_UNUSED_FUNCTION = YES;
				GCC_WARN_UNUSED_VARIABLE = YES;
				IPHONEOS_DEPLOYMENT_TARGET = 11.1;
				MTL_ENABLE_DEBUG_INFO = YES;
				ONLY_ACTIVE_ARCH = YES;
				SDKROOT = iphoneos;
				SWIFT_ACTIVE_COMPILATION_CONDITIONS = DEBUG;
				SWIFT_OPTIMIZATION_LEVEL = "-Onone";
			};
			name = Debug;
		};
		6345495F1FCE8FA00008B205 /* Release */ = {
			isa = XCBuildConfiguration;
			buildSettings = {
				ALWAYS_SEARCH_USER_PATHS = NO;
				CLANG_ANALYZER_NONNULL = YES;
				CLANG_ANALYZER_NUMBER_OBJECT_CONVERSION = YES_AGGRESSIVE;
				CLANG_CXX_LANGUAGE_STANDARD = "gnu++14";
				CLANG_CXX_LIBRARY = "libc++";
				CLANG_ENABLE_MODULES = YES;
				CLANG_ENABLE_OBJC_ARC = YES;
				CLANG_WARN_BLOCK_CAPTURE_AUTORELEASING = YES;
				CLANG_WARN_BOOL_CONVERSION = YES;
				CLANG_WARN_COMMA = YES;
				CLANG_WARN_CONSTANT_CONVERSION = YES;
				CLANG_WARN_DIRECT_OBJC_ISA_USAGE = YES_ERROR;
				CLANG_WARN_DOCUMENTATION_COMMENTS = YES;
				CLANG_WARN_EMPTY_BODY = YES;
				CLANG_WARN_ENUM_CONVERSION = YES;
				CLANG_WARN_INFINITE_RECURSION = YES;
				CLANG_WARN_INT_CONVERSION = YES;
				CLANG_WARN_NON_LITERAL_NULL_CONVERSION = YES;
				CLANG_WARN_OBJC_LITERAL_CONVERSION = YES;
				CLANG_WARN_OBJC_ROOT_CLASS = YES_ERROR;
				CLANG_WARN_RANGE_LOOP_ANALYSIS = YES;
				CLANG_WARN_STRICT_PROTOTYPES = YES;
				CLANG_WARN_SUSPICIOUS_MOVE = YES;
				CLANG_WARN_UNGUARDED_AVAILABILITY = YES_AGGRESSIVE;
				CLANG_WARN_UNREACHABLE_CODE = YES;
				CLANG_WARN__DUPLICATE_METHOD_MATCH = YES;
				CODE_SIGN_IDENTITY = "iPhone Developer";
				COPY_PHASE_STRIP = NO;
				DEBUG_INFORMATION_FORMAT = "dwarf-with-dsym";
				ENABLE_NS_ASSERTIONS = NO;
				ENABLE_STRICT_OBJC_MSGSEND = YES;
				GCC_C_LANGUAGE_STANDARD = gnu11;
				GCC_NO_COMMON_BLOCKS = YES;
				GCC_WARN_64_TO_32_BIT_CONVERSION = YES;
				GCC_WARN_ABOUT_RETURN_TYPE = YES_ERROR;
				GCC_WARN_UNDECLARED_SELECTOR = YES;
				GCC_WARN_UNINITIALIZED_AUTOS = YES_AGGRESSIVE;
				GCC_WARN_UNUSED_FUNCTION = YES;
				GCC_WARN_UNUSED_VARIABLE = YES;
				IPHONEOS_DEPLOYMENT_TARGET = 11.1;
				MTL_ENABLE_DEBUG_INFO = NO;
				SDKROOT = iphoneos;
				SWIFT_OPTIMIZATION_LEVEL = "-Owholemodule";
				VALIDATE_PRODUCT = YES;
			};
			name = Release;
		};
		634549611FCE8FA00008B205 /* Debug */ = {
			isa = XCBuildConfiguration;
			buildSettings = {
				ASSETCATALOG_COMPILER_APPICON_NAME = AppIcon;
				CODE_SIGN_STYLE = Automatic;
				DEVELOPMENT_TEAM = 3UVW69NTSH;
				INFOPLIST_FILE = MarqueeLabel/Info.plist;
				LD_RUNPATH_SEARCH_PATHS = "$(inherited) @executable_path/Frameworks";
				PRODUCT_BUNDLE_IDENTIFIER = Heikki.MarqueeLabel;
				PRODUCT_NAME = "$(TARGET_NAME)";
				SWIFT_VERSION = 4.0;
				TARGETED_DEVICE_FAMILY = "1,2";
			};
			name = Debug;
		};
		634549621FCE8FA00008B205 /* Release */ = {
			isa = XCBuildConfiguration;
			buildSettings = {
				ASSETCATALOG_COMPILER_APPICON_NAME = AppIcon;
				CODE_SIGN_STYLE = Automatic;
				DEVELOPMENT_TEAM = 3UVW69NTSH;
				INFOPLIST_FILE = MarqueeLabel/Info.plist;
				LD_RUNPATH_SEARCH_PATHS = "$(inherited) @executable_path/Frameworks";
				PRODUCT_BUNDLE_IDENTIFIER = Heikki.MarqueeLabel;
				PRODUCT_NAME = "$(TARGET_NAME)";
				SWIFT_VERSION = 4.0;
				TARGETED_DEVICE_FAMILY = "1,2";
			};
			name = Release;
		};
		634549641FCE8FA00008B205 /* Debug */ = {
			isa = XCBuildConfiguration;
			buildSettings = {
				ALWAYS_EMBED_SWIFT_STANDARD_LIBRARIES = YES;
				BUNDLE_LOADER = "$(TEST_HOST)";
				CODE_SIGN_STYLE = Automatic;
				DEVELOPMENT_TEAM = 3UVW69NTSH;
				INFOPLIST_FILE = MarqueeLabelTests/Info.plist;
				LD_RUNPATH_SEARCH_PATHS = "$(inherited) @executable_path/Frameworks @loader_path/Frameworks";
				PRODUCT_BUNDLE_IDENTIFIER = Heikki.MarqueeLabelTests;
				PRODUCT_NAME = "$(TARGET_NAME)";
				SWIFT_VERSION = 4.0;
				TARGETED_DEVICE_FAMILY = "1,2";
				TEST_HOST = "$(BUILT_PRODUCTS_DIR)/MarqueeLabel.app/MarqueeLabel";
			};
			name = Debug;
		};
		634549651FCE8FA00008B205 /* Release */ = {
			isa = XCBuildConfiguration;
			buildSettings = {
				ALWAYS_EMBED_SWIFT_STANDARD_LIBRARIES = YES;
				BUNDLE_LOADER = "$(TEST_HOST)";
				CODE_SIGN_STYLE = Automatic;
				DEVELOPMENT_TEAM = 3UVW69NTSH;
				INFOPLIST_FILE = MarqueeLabelTests/Info.plist;
				LD_RUNPATH_SEARCH_PATHS = "$(inherited) @executable_path/Frameworks @loader_path/Frameworks";
				PRODUCT_BUNDLE_IDENTIFIER = Heikki.MarqueeLabelTests;
				PRODUCT_NAME = "$(TARGET_NAME)";
				SWIFT_VERSION = 4.0;
				TARGETED_DEVICE_FAMILY = "1,2";
				TEST_HOST = "$(BUILT_PRODUCTS_DIR)/MarqueeLabel.app/MarqueeLabel";
			};
			name = Release;
		};
		634549671FCE8FA00008B205 /* Debug */ = {
			isa = XCBuildConfiguration;
			buildSettings = {
				ALWAYS_EMBED_SWIFT_STANDARD_LIBRARIES = YES;
				CODE_SIGN_STYLE = Automatic;
				DEVELOPMENT_TEAM = 3UVW69NTSH;
				INFOPLIST_FILE = MarqueeLabelUITests/Info.plist;
				LD_RUNPATH_SEARCH_PATHS = "$(inherited) @executable_path/Frameworks @loader_path/Frameworks";
				PRODUCT_BUNDLE_IDENTIFIER = Heikki.MarqueeLabelUITests;
				PRODUCT_NAME = "$(TARGET_NAME)";
				SWIFT_VERSION = 4.0;
				TARGETED_DEVICE_FAMILY = "1,2";
				TEST_TARGET_NAME = MarqueeLabel;
			};
			name = Debug;
		};
		634549681FCE8FA00008B205 /* Release */ = {
			isa = XCBuildConfiguration;
			buildSettings = {
				ALWAYS_EMBED_SWIFT_STANDARD_LIBRARIES = YES;
				CODE_SIGN_STYLE = Automatic;
				DEVELOPMENT_TEAM = 3UVW69NTSH;
				INFOPLIST_FILE = MarqueeLabelUITests/Info.plist;
				LD_RUNPATH_SEARCH_PATHS = "$(inherited) @executable_path/Frameworks @loader_path/Frameworks";
				PRODUCT_BUNDLE_IDENTIFIER = Heikki.MarqueeLabelUITests;
				PRODUCT_NAME = "$(TARGET_NAME)";
				SWIFT_VERSION = 4.0;
				TARGETED_DEVICE_FAMILY = "1,2";
				TEST_TARGET_NAME = MarqueeLabel;
			};
			name = Release;
		};
/* End XCBuildConfiguration section */

/* Begin XCConfigurationList section */
		634549331FCE8FA00008B205 /* Build configuration list for PBXProject "MarqueeLabel" */ = {
			isa = XCConfigurationList;
			buildConfigurations = (
				6345495E1FCE8FA00008B205 /* Debug */,
				6345495F1FCE8FA00008B205 /* Release */,
			);
			defaultConfigurationIsVisible = 0;
			defaultConfigurationName = Release;
		};
		634549601FCE8FA00008B205 /* Build configuration list for PBXNativeTarget "MarqueeLabel" */ = {
			isa = XCConfigurationList;
			buildConfigurations = (
				634549611FCE8FA00008B205 /* Debug */,
				634549621FCE8FA00008B205 /* Release */,
			);
			defaultConfigurationIsVisible = 0;
			defaultConfigurationName = Release;
		};
		634549631FCE8FA00008B205 /* Build configuration list for PBXNativeTarget "MarqueeLabelTests" */ = {
			isa = XCConfigurationList;
			buildConfigurations = (
				634549641FCE8FA00008B205 /* Debug */,
				634549651FCE8FA00008B205 /* Release */,
			);
			defaultConfigurationIsVisible = 0;
			defaultConfigurationName = Release;
		};
		634549661FCE8FA00008B205 /* Build configuration list for PBXNativeTarget "MarqueeLabelUITests" */ = {
			isa = XCConfigurationList;
			buildConfigurations = (
				634549671FCE8FA00008B205 /* Debug */,
				634549681FCE8FA00008B205 /* Release */,
			);
			defaultConfigurationIsVisible = 0;
			defaultConfigurationName = Release;
		};
/* End XCConfigurationList section */
	};
	rootObject = 634549301FCE8FA00008B205 /* Project object */;
}
